
Microsoft Visual Studio Solution File, Format Version 12.00
# Visual Studio 15
VisualStudioVersion = 15.0.27428.2015
MinimumVisualStudioVersion = 10.0.40219.1
Project("{FAE04EC0-301F-11D3-BF4B-00C04F79EFBC}") = "JavaScript-Workshop", "JsonApp\JavaScript-Workshop.csproj", "{BC38E803-289F-4A0A-81AF-D4113CDD129B}"
EndProject
Global
	GlobalSection(SolutionConfigurationPlatforms) = preSolution
		Debug|Any CPU = Debug|Any CPU
		Release|Any CPU = Release|Any CPU
	EndGlobalSection
	GlobalSection(ProjectConfigurationPlatforms) = postSolution
		{BC38E803-289F-4A0A-81AF-D4113CDD129B}.Debug|Any CPU.ActiveCfg = Debug|Any CPU
		{BC38E803-289F-4A0A-81AF-D4113CDD129B}.Debug|Any CPU.Build.0 = Debug|Any CPU
		{BC38E803-289F-4A0A-81AF-D4113CDD129B}.Release|Any CPU.ActiveCfg = Release|Any CPU
		{BC38E803-289F-4A0A-81AF-D4113CDD129B}.Release|Any CPU.Build.0 = Release|Any CPU
	EndGlobalSection
	GlobalSection(SolutionProperties) = preSolution
		HideSolutionNode = FALSE
	EndGlobalSection
	GlobalSection(ExtensibilityGlobals) = postSolution
		SolutionGuid = {EE8EA749-F464-4E63-B680-613FCF3F89F6}
	EndGlobalSection
EndGlobal
